// !$*UTF8*$!
{
	archiveVersion = 1;
	classes = {
	};
	objectVersion = 56;
	objects = {

/* Begin PBXBuildFile section */
		DF83D1F22B5672D0006A052D /* AppDelegate.swift in Sources */ = {isa = PBXBuildFile; fileRef = DF83D1F12B5672D0006A052D /* AppDelegate.swift */; };
		DF83D1F42B5672D0006A052D /* SceneDelegate.swift in Sources */ = {isa = PBXBuildFile; fileRef = DF83D1F32B5672D0006A052D /* SceneDelegate.swift */; };
		DF83D1F92B5672D0006A052D /* Main.storyboard in Resources */ = {isa = PBXBuildFile; fileRef = DF83D1F72B5672D0006A052D /* Main.storyboard */; };
		DF83D1FB2B5672D3006A052D /* Assets.xcassets in Resources */ = {isa = PBXBuildFile; fileRef = DF83D1FA2B5672D3006A052D /* Assets.xcassets */; };
		DF83D1FE2B5672D3006A052D /* LaunchScreen.storyboard in Resources */ = {isa = PBXBuildFile; fileRef = DF83D1FC2B5672D3006A052D /* LaunchScreen.storyboard */; };
		DF83D2072B567355006A052D /* LottoViewController.swift in Sources */ = {isa = PBXBuildFile; fileRef = DF83D2062B567355006A052D /* LottoViewController.swift */; };
		DF83D20A2B5676C4006A052D /* LottoAPIManager.swift in Sources */ = {isa = PBXBuildFile; fileRef = DF83D2092B5676C4006A052D /* LottoAPIManager.swift */; };
		DF83D20D2B5676D7006A052D /* Alamofire in Frameworks */ = {isa = PBXBuildFile; productRef = DF83D20C2B5676D7006A052D /* Alamofire */; };
		DF83D2102B568338006A052D /* Kingfisher in Frameworks */ = {isa = PBXBuildFile; productRef = DF83D20F2B568338006A052D /* Kingfisher */; };
		DF83D2122B568350006A052D /* BeerViewController.swift in Sources */ = {isa = PBXBuildFile; fileRef = DF83D2112B568350006A052D /* BeerViewController.swift */; };
		DF83D2142B568C76006A052D /* BeerAPIManager.swift in Sources */ = {isa = PBXBuildFile; fileRef = DF83D2132B568C76006A052D /* BeerAPIManager.swift */; };
		DF83D2162B56A1A7006A052D /* CollectionViewController.swift in Sources */ = {isa = PBXBuildFile; fileRef = DF83D2152B56A1A7006A052D /* CollectionViewController.swift */; };
		DF83D21A2B56A1D4006A052D /* BeerCollectionViewCell.swift in Sources */ = {isa = PBXBuildFile; fileRef = DF83D2182B56A1D4006A052D /* BeerCollectionViewCell.swift */; };
		DF83D21B2B56A1D4006A052D /* BeerCollectionViewCell.xib in Resources */ = {isa = PBXBuildFile; fileRef = DF83D2192B56A1D4006A052D /* BeerCollectionViewCell.xib */; };
		DF83D21F2B56A20F006A052D /* CollectionVIewCell+Extension.swift in Sources */ = {isa = PBXBuildFile; fileRef = DF83D21E2B56A20F006A052D /* CollectionVIewCell+Extension.swift */; };
		DF83D2212B56A21A006A052D /* Protocol.swift in Sources */ = {isa = PBXBuildFile; fileRef = DF83D2202B56A21A006A052D /* Protocol.swift */; };
/* End PBXBuildFile section */

/* Begin PBXFileReference section */
		DF83D1EE2B5672D0006A052D /* SeSACNetworkAssignment.app */ = {isa = PBXFileReference; explicitFileType = wrapper.application; includeInIndex = 0; path = SeSACNetworkAssignment.app; sourceTree = BUILT_PRODUCTS_DIR; };
		DF83D1F12B5672D0006A052D /* AppDelegate.swift */ = {isa = PBXFileReference; lastKnownFileType = sourcecode.swift; path = AppDelegate.swift; sourceTree = "<group>"; };
		DF83D1F32B5672D0006A052D /* SceneDelegate.swift */ = {isa = PBXFileReference; lastKnownFileType = sourcecode.swift; path = SceneDelegate.swift; sourceTree = "<group>"; };
		DF83D1F82B5672D0006A052D /* Base */ = {isa = PBXFileReference; lastKnownFileType = file.storyboard; name = Base; path = Base.lproj/Main.storyboard; sourceTree = "<group>"; };
		DF83D1FA2B5672D3006A052D /* Assets.xcassets */ = {isa = PBXFileReference; lastKnownFileType = folder.assetcatalog; path = Assets.xcassets; sourceTree = "<group>"; };
		DF83D1FD2B5672D3006A052D /* Base */ = {isa = PBXFileReference; lastKnownFileType = file.storyboard; name = Base; path = Base.lproj/LaunchScreen.storyboard; sourceTree = "<group>"; };
		DF83D1FF2B5672D3006A052D /* Info.plist */ = {isa = PBXFileReference; lastKnownFileType = text.plist.xml; path = Info.plist; sourceTree = "<group>"; };
		DF83D2062B567355006A052D /* LottoViewController.swift */ = {isa = PBXFileReference; lastKnownFileType = sourcecode.swift; path = LottoViewController.swift; sourceTree = "<group>"; };
		DF83D2092B5676C4006A052D /* LottoAPIManager.swift */ = {isa = PBXFileReference; lastKnownFileType = sourcecode.swift; path = LottoAPIManager.swift; sourceTree = "<group>"; };
		DF83D2112B568350006A052D /* BeerViewController.swift */ = {isa = PBXFileReference; lastKnownFileType = sourcecode.swift; path = BeerViewController.swift; sourceTree = "<group>"; };
		DF83D2132B568C76006A052D /* BeerAPIManager.swift */ = {isa = PBXFileReference; lastKnownFileType = sourcecode.swift; path = BeerAPIManager.swift; sourceTree = "<group>"; };
		DF83D2152B56A1A7006A052D /* CollectionViewController.swift */ = {isa = PBXFileReference; lastKnownFileType = sourcecode.swift; path = CollectionViewController.swift; sourceTree = "<group>"; };
		DF83D2182B56A1D4006A052D /* BeerCollectionViewCell.swift */ = {isa = PBXFileReference; lastKnownFileType = sourcecode.swift; path = BeerCollectionViewCell.swift; sourceTree = "<group>"; };
		DF83D2192B56A1D4006A052D /* BeerCollectionViewCell.xib */ = {isa = PBXFileReference; lastKnownFileType = file.xib; path = BeerCollectionViewCell.xib; sourceTree = "<group>"; };
		DF83D21E2B56A20F006A052D /* CollectionVIewCell+Extension.swift */ = {isa = PBXFileReference; lastKnownFileType = sourcecode.swift; path = "CollectionVIewCell+Extension.swift"; sourceTree = "<group>"; };
		DF83D2202B56A21A006A052D /* Protocol.swift */ = {isa = PBXFileReference; lastKnownFileType = sourcecode.swift; path = Protocol.swift; sourceTree = "<group>"; };
/* End PBXFileReference section */

/* Begin PBXFrameworksBuildPhase section */
		DF83D1EB2B5672D0006A052D /* Frameworks */ = {
			isa = PBXFrameworksBuildPhase;
			buildActionMask = 2147483647;
			files = (
				DF83D2102B568338006A052D /* Kingfisher in Frameworks */,
				DF83D20D2B5676D7006A052D /* Alamofire in Frameworks */,
			);
			runOnlyForDeploymentPostprocessing = 0;
		};
/* End PBXFrameworksBuildPhase section */

/* Begin PBXGroup section */
		DF83D1E52B5672D0006A052D = {
			isa = PBXGroup;
			children = (
				DF83D1F02B5672D0006A052D /* SeSACNetworkAssignment */,
				DF83D1EF2B5672D0006A052D /* Products */,
			);
			sourceTree = "<group>";
		};
		DF83D1EF2B5672D0006A052D /* Products */ = {
			isa = PBXGroup;
			children = (
				DF83D1EE2B5672D0006A052D /* SeSACNetworkAssignment.app */,
			);
			name = Products;
			sourceTree = "<group>";
		};
		DF83D1F02B5672D0006A052D /* SeSACNetworkAssignment */ = {
			isa = PBXGroup;
			children = (
				DF83D21D2B56A1F8006A052D /* Protocol */,
				DF83D21C2B56A1EC006A052D /* Extension */,
				DF83D2172B56A1AF006A052D /* Cell */,
				DF83D2082B56769D006A052D /* Network */,
				DF83D2052B567345006A052D /* Controller */,
				DF83D1F12B5672D0006A052D /* AppDelegate.swift */,
				DF83D1F32B5672D0006A052D /* SceneDelegate.swift */,
				DF83D1F72B5672D0006A052D /* Main.storyboard */,
				DF83D1FA2B5672D3006A052D /* Assets.xcassets */,
				DF83D1FC2B5672D3006A052D /* LaunchScreen.storyboard */,
				DF83D1FF2B5672D3006A052D /* Info.plist */,
			);
			path = SeSACNetworkAssignment;
			sourceTree = "<group>";
		};
		DF83D2052B567345006A052D /* Controller */ = {
			isa = PBXGroup;
			children = (
				DF83D2062B567355006A052D /* LottoViewController.swift */,
				DF83D2112B568350006A052D /* BeerViewController.swift */,
				DF83D2152B56A1A7006A052D /* CollectionViewController.swift */,
			);
			path = Controller;
			sourceTree = "<group>";
		};
		DF83D2082B56769D006A052D /* Network */ = {
			isa = PBXGroup;
			children = (
				DF83D2092B5676C4006A052D /* LottoAPIManager.swift */,
				DF83D2132B568C76006A052D /* BeerAPIManager.swift */,
			);
			path = Network;
			sourceTree = "<group>";
		};
		DF83D2172B56A1AF006A052D /* Cell */ = {
			isa = PBXGroup;
			children = (
				DF83D2182B56A1D4006A052D /* BeerCollectionViewCell.swift */,
				DF83D2192B56A1D4006A052D /* BeerCollectionViewCell.xib */,
			);
			path = Cell;
			sourceTree = "<group>";
		};
		DF83D21C2B56A1EC006A052D /* Extension */ = {
			isa = PBXGroup;
			children = (
				DF83D21E2B56A20F006A052D /* CollectionVIewCell+Extension.swift */,
			);
			path = Extension;
			sourceTree = "<group>";
		};
		DF83D21D2B56A1F8006A052D /* Protocol */ = {
			isa = PBXGroup;
			children = (
				DF83D2202B56A21A006A052D /* Protocol.swift */,
			);
			path = Protocol;
			sourceTree = "<group>";
		};
/* End PBXGroup section */

/* Begin PBXNativeTarget section */
		DF83D1ED2B5672D0006A052D /* SeSACNetworkAssignment */ = {
			isa = PBXNativeTarget;
			buildConfigurationList = DF83D2022B5672D3006A052D /* Build configuration list for PBXNativeTarget "SeSACNetworkAssignment" */;
			buildPhases = (
				DF83D1EA2B5672D0006A052D /* Sources */,
				DF83D1EB2B5672D0006A052D /* Frameworks */,
				DF83D1EC2B5672D0006A052D /* Resources */,
			);
			buildRules = (
			);
			dependencies = (
			);
			name = SeSACNetworkAssignment;
			packageProductDependencies = (
				DF83D20C2B5676D7006A052D /* Alamofire */,
				DF83D20F2B568338006A052D /* Kingfisher */,
			);
			productName = SeSACNetworkAssignment;
			productReference = DF83D1EE2B5672D0006A052D /* SeSACNetworkAssignment.app */;
			productType = "com.apple.product-type.application";
		};
/* End PBXNativeTarget section */

/* Begin PBXProject section */
		DF83D1E62B5672D0006A052D /* Project object */ = {
			isa = PBXProject;
			attributes = {
				BuildIndependentTargetsInParallel = 1;
				LastSwiftUpdateCheck = 1520;
				LastUpgradeCheck = 1520;
				TargetAttributes = {
					DF83D1ED2B5672D0006A052D = {
						CreatedOnToolsVersion = 15.2;
					};
				};
			};
			buildConfigurationList = DF83D1E92B5672D0006A052D /* Build configuration list for PBXProject "SeSACNetworkAssignment" */;
			compatibilityVersion = "Xcode 14.0";
			developmentRegion = en;
			hasScannedForEncodings = 0;
			knownRegions = (
				en,
				Base,
			);
			mainGroup = DF83D1E52B5672D0006A052D;
			packageReferences = (
				DF83D20B2B5676D7006A052D /* XCRemoteSwiftPackageReference "Alamofire" */,
				DF83D20E2B568338006A052D /* XCRemoteSwiftPackageReference "Kingfisher" */,
			);
			productRefGroup = DF83D1EF2B5672D0006A052D /* Products */;
			projectDirPath = "";
			projectRoot = "";
			targets = (
				DF83D1ED2B5672D0006A052D /* SeSACNetworkAssignment */,
			);
		};
/* End PBXProject section */

/* Begin PBXResourcesBuildPhase section */
		DF83D1EC2B5672D0006A052D /* Resources */ = {
			isa = PBXResourcesBuildPhase;
			buildActionMask = 2147483647;
			files = (
				DF83D21B2B56A1D4006A052D /* BeerCollectionViewCell.xib in Resources */,
				DF83D1FE2B5672D3006A052D /* LaunchScreen.storyboard in Resources */,
				DF83D1FB2B5672D3006A052D /* Assets.xcassets in Resources */,
				DF83D1F92B5672D0006A052D /* Main.storyboard in Resources */,
			);
			runOnlyForDeploymentPostprocessing = 0;
		};
/* End PBXResourcesBuildPhase section */

/* Begin PBXSourcesBuildPhase section */
		DF83D1EA2B5672D0006A052D /* Sources */ = {
			isa = PBXSourcesBuildPhase;
			buildActionMask = 2147483647;
			files = (
				DF83D2122B568350006A052D /* BeerViewController.swift in Sources */,
				DF83D2072B567355006A052D /* LottoViewController.swift in Sources */,
				DF83D1F22B5672D0006A052D /* AppDelegate.swift in Sources */,
				DF83D1F42B5672D0006A052D /* SceneDelegate.swift in Sources */,
				DF83D21F2B56A20F006A052D /* CollectionVIewCell+Extension.swift in Sources */,
				DF83D21A2B56A1D4006A052D /* BeerCollectionViewCell.swift in Sources */,
				DF83D2162B56A1A7006A052D /* CollectionViewController.swift in Sources */,
				DF83D2142B568C76006A052D /* BeerAPIManager.swift in Sources */,
				DF83D20A2B5676C4006A052D /* LottoAPIManager.swift in Sources */,
				DF83D2212B56A21A006A052D /* Protocol.swift in Sources */,
			);
			runOnlyForDeploymentPostprocessing = 0;
		};
/* End PBXSourcesBuildPhase section */

/* Begin PBXVariantGroup section */
		DF83D1F72B5672D0006A052D /* Main.storyboard */ = {
			isa = PBXVariantGroup;
			children = (
				DF83D1F82B5672D0006A052D /* Base */,
			);
			name = Main.storyboard;
			sourceTree = "<group>";
		};
		DF83D1FC2B5672D3006A052D /* LaunchScreen.storyboard */ = {
			isa = PBXVariantGroup;
			children = (
				DF83D1FD2B5672D3006A052D /* Base */,
			);
			name = LaunchScreen.storyboard;
			sourceTree = "<group>";
		};
/* End PBXVariantGroup section */

/* Begin XCBuildConfiguration section */
		DF83D2002B5672D3006A052D /* Debug */ = {
			isa = XCBuildConfiguration;
			buildSettings = {
				ALWAYS_SEARCH_USER_PATHS = NO;
				ASSETCATALOG_COMPILER_GENERATE_SWIFT_ASSET_SYMBOL_EXTENSIONS = YES;
				CLANG_ANALYZER_NONNULL = YES;
				CLANG_ANALYZER_NUMBER_OBJECT_CONVERSION = YES_AGGRESSIVE;
				CLANG_CXX_LANGUAGE_STANDARD = "gnu++20";
				CLANG_ENABLE_MODULES = YES;
				CLANG_ENABLE_OBJC_ARC = YES;
				CLANG_ENABLE_OBJC_WEAK = YES;
				CLANG_WARN_BLOCK_CAPTURE_AUTORELEASING = YES;
				CLANG_WARN_BOOL_CONVERSION = YES;
				CLANG_WARN_COMMA = YES;
				CLANG_WARN_CONSTANT_CONVERSION = YES;
				CLANG_WARN_DEPRECATED_OBJC_IMPLEMENTATIONS = YES;
				CLANG_WARN_DIRECT_OBJC_ISA_USAGE = YES_ERROR;
				CLANG_WARN_DOCUMENTATION_COMMENTS = YES;
				CLANG_WARN_EMPTY_BODY = YES;
				CLANG_WARN_ENUM_CONVERSION = YES;
				CLANG_WARN_INFINITE_RECURSION = YES;
				CLANG_WARN_INT_CONVERSION = YES;
				CLANG_WARN_NON_LITERAL_NULL_CONVERSION = YES;
				CLANG_WARN_OBJC_IMPLICIT_RETAIN_SELF = YES;
				CLANG_WARN_OBJC_LITERAL_CONVERSION = YES;
				CLANG_WARN_OBJC_ROOT_CLASS = YES_ERROR;
				CLANG_WARN_QUOTED_INCLUDE_IN_FRAMEWORK_HEADER = YES;
				CLANG_WARN_RANGE_LOOP_ANALYSIS = YES;
				CLANG_WARN_STRICT_PROTOTYPES = YES;
				CLANG_WARN_SUSPICIOUS_MOVE = YES;
				CLANG_WARN_UNGUARDED_AVAILABILITY = YES_AGGRESSIVE;
				CLANG_WARN_UNREACHABLE_CODE = YES;
				CLANG_WARN__DUPLICATE_METHOD_MATCH = YES;
				COPY_PHASE_STRIP = NO;
				DEBUG_INFORMATION_FORMAT = dwarf;
				ENABLE_STRICT_OBJC_MSGSEND = YES;
				ENABLE_TESTABILITY = YES;
				ENABLE_USER_SCRIPT_SANDBOXING = YES;
				GCC_C_LANGUAGE_STANDARD = gnu17;
				GCC_DYNAMIC_NO_PIC = NO;
				GCC_NO_COMMON_BLOCKS = YES;
				GCC_OPTIMIZATION_LEVEL = 0;
				GCC_PREPROCESSOR_DEFINITIONS = (
					"DEBUG=1",
					"$(inherited)",
				);
				GCC_WARN_64_TO_32_BIT_CONVERSION = YES;
				GCC_WARN_ABOUT_RETURN_TYPE = YES_ERROR;
				GCC_WARN_UNDECLARED_SELECTOR = YES;
				GCC_WARN_UNINITIALIZED_AUTOS = YES_AGGRESSIVE;
				GCC_WARN_UNUSED_FUNCTION = YES;
				GCC_WARN_UNUSED_VARIABLE = YES;
				IPHONEOS_DEPLOYMENT_TARGET = 17.2;
				LOCALIZATION_PREFERS_STRING_CATALOGS = YES;
				MTL_ENABLE_DEBUG_INFO = INCLUDE_SOURCE;
				MTL_FAST_MATH = YES;
				ONLY_ACTIVE_ARCH = YES;
				SDKROOT = iphoneos;
				SWIFT_ACTIVE_COMPILATION_CONDITIONS = "DEBUG $(inherited)";
				SWIFT_OPTIMIZATION_LEVEL = "-Onone";
			};
			name = Debug;
		};
		DF83D2012B5672D3006A052D /* Release */ = {
			isa = XCBuildConfiguration;
			buildSettings = {
				ALWAYS_SEARCH_USER_PATHS = NO;
				ASSETCATALOG_COMPILER_GENERATE_SWIFT_ASSET_SYMBOL_EXTENSIONS = YES;
				CLANG_ANALYZER_NONNULL = YES;
				CLANG_ANALYZER_NUMBER_OBJECT_CONVERSION = YES_AGGRESSIVE;
				CLANG_CXX_LANGUAGE_STANDARD = "gnu++20";
				CLANG_ENABLE_MODULES = YES;
				CLANG_ENABLE_OBJC_ARC = YES;
				CLANG_ENABLE_OBJC_WEAK = YES;
				CLANG_WARN_BLOCK_CAPTURE_AUTORELEASING = YES;
				CLANG_WARN_BOOL_CONVERSION = YES;
				CLANG_WARN_COMMA = YES;
				CLANG_WARN_CONSTANT_CONVERSION = YES;
				CLANG_WARN_DEPRECATED_OBJC_IMPLEMENTATIONS = YES;
				CLANG_WARN_DIRECT_OBJC_ISA_USAGE = YES_ERROR;
				CLANG_WARN_DOCUMENTATION_COMMENTS = YES;
				CLANG_WARN_EMPTY_BODY = YES;
				CLANG_WARN_ENUM_CONVERSION = YES;
				CLANG_WARN_INFINITE_RECURSION = YES;
				CLANG_WARN_INT_CONVERSION = YES;
				CLANG_WARN_NON_LITERAL_NULL_CONVERSION = YES;
				CLANG_WARN_OBJC_IMPLICIT_RETAIN_SELF = YES;
				CLANG_WARN_OBJC_LITERAL_CONVERSION = YES;
				CLANG_WARN_OBJC_ROOT_CLASS = YES_ERROR;
				CLANG_WARN_QUOTED_INCLUDE_IN_FRAMEWORK_HEADER = YES;
				CLANG_WARN_RANGE_LOOP_ANALYSIS = YES;
				CLANG_WARN_STRICT_PROTOTYPES = YES;
				CLANG_WARN_SUSPICIOUS_MOVE = YES;
				CLANG_WARN_UNGUARDED_AVAILABILITY = YES_AGGRESSIVE;
				CLANG_WARN_UNREACHABLE_CODE = YES;
				CLANG_WARN__DUPLICATE_METHOD_MATCH = YES;
				COPY_PHASE_STRIP = NO;
				DEBUG_INFORMATION_FORMAT = "dwarf-with-dsym";
				ENABLE_NS_ASSERTIONS = NO;
				ENABLE_STRICT_OBJC_MSGSEND = YES;
				ENABLE_USER_SCRIPT_SANDBOXING = YES;
				GCC_C_LANGUAGE_STANDARD = gnu17;
				GCC_NO_COMMON_BLOCKS = YES;
				GCC_WARN_64_TO_32_BIT_CONVERSION = YES;
				GCC_WARN_ABOUT_RETURN_TYPE = YES_ERROR;
				GCC_WARN_UNDECLARED_SELECTOR = YES;
				GCC_WARN_UNINITIALIZED_AUTOS = YES_AGGRESSIVE;
				GCC_WARN_UNUSED_FUNCTION = YES;
				GCC_WARN_UNUSED_VARIABLE = YES;
				IPHONEOS_DEPLOYMENT_TARGET = 17.2;
				LOCALIZATION_PREFERS_STRING_CATALOGS = YES;
				MTL_ENABLE_DEBUG_INFO = NO;
				MTL_FAST_MATH = YES;
				SDKROOT = iphoneos;
				SWIFT_COMPILATION_MODE = wholemodule;
				VALIDATE_PRODUCT = YES;
			};
			name = Release;
		};
		DF83D2032B5672D3006A052D /* Debug */ = {
			isa = XCBuildConfiguration;
			buildSettings = {
				ASSETCATALOG_COMPILER_APPICON_NAME = AppIcon;
				ASSETCATALOG_COMPILER_GLOBAL_ACCENT_COLOR_NAME = AccentColor;
				CODE_SIGN_STYLE = Automatic;
				CURRENT_PROJECT_VERSION = 1;
				DEVELOPMENT_TEAM = BL747HHQK8;
				GENERATE_INFOPLIST_FILE = YES;
				INFOPLIST_FILE = SeSACNetworkAssignment/Info.plist;
				INFOPLIST_KEY_UIApplicationSupportsIndirectInputEvents = YES;
				INFOPLIST_KEY_UILaunchStoryboardName = LaunchScreen;
				INFOPLIST_KEY_UIMainStoryboardFile = Main;
				INFOPLIST_KEY_UISupportedInterfaceOrientations_iPad = "UIInterfaceOrientationPortrait UIInterfaceOrientationPortraitUpsideDown UIInterfaceOrientationLandscapeLeft UIInterfaceOrientationLandscapeRight";
				INFOPLIST_KEY_UISupportedInterfaceOrientations_iPhone = "UIInterfaceOrientationPortrait UIInterfaceOrientationLandscapeLeft UIInterfaceOrientationLandscapeRight";
				LD_RUNPATH_SEARCH_PATHS = (
					"$(inherited)",
					"@executable_path/Frameworks",
				);
				MARKETING_VERSION = 1.0;
				PRODUCT_BUNDLE_IDENTIFIER = com.melon.SeSACNetworkAssignment;
				PRODUCT_NAME = "$(TARGET_NAME)";
				SWIFT_EMIT_LOC_STRINGS = YES;
				SWIFT_VERSION = 5.0;
				TARGETED_DEVICE_FAMILY = "1,2";
			};
			name = Debug;
		};
		DF83D2042B5672D3006A052D /* Release */ = {
			isa = XCBuildConfiguration;
			buildSettings = {
				ASSETCATALOG_COMPILER_APPICON_NAME = AppIcon;
				ASSETCATALOG_COMPILER_GLOBAL_ACCENT_COLOR_NAME = AccentColor;
				CODE_SIGN_STYLE = Automatic;
				CURRENT_PROJECT_VERSION = 1;
				DEVELOPMENT_TEAM = BL747HHQK8;
				GENERATE_INFOPLIST_FILE = YES;
				INFOPLIST_FILE = SeSACNetworkAssignment/Info.plist;
				INFOPLIST_KEY_UIApplicationSupportsIndirectInputEvents = YES;
				INFOPLIST_KEY_UILaunchStoryboardName = LaunchScreen;
				INFOPLIST_KEY_UIMainStoryboardFile = Main;
				INFOPLIST_KEY_UISupportedInterfaceOrientations_iPad = "UIInterfaceOrientationPortrait UIInterfaceOrientationPortraitUpsideDown UIInterfaceOrientationLandscapeLeft UIInterfaceOrientationLandscapeRight";
				INFOPLIST_KEY_UISupportedInterfaceOrientations_iPhone = "UIInterfaceOrientationPortrait UIInterfaceOrientationLandscapeLeft UIInterfaceOrientationLandscapeRight";
				LD_RUNPATH_SEARCH_PATHS = (
					"$(inherited)",
					"@executable_path/Frameworks",
				);
				MARKETING_VERSION = 1.0;
				PRODUCT_BUNDLE_IDENTIFIER = com.melon.SeSACNetworkAssignment;
				PRODUCT_NAME = "$(TARGET_NAME)";
				SWIFT_EMIT_LOC_STRINGS = YES;
				SWIFT_VERSION = 5.0;
				TARGETED_DEVICE_FAMILY = "1,2";
			};
			name = Release;
		};
/* End XCBuildConfiguration section */

/* Begin XCConfigurationList section */
		DF83D1E92B5672D0006A052D /* Build configuration list for PBXProject "SeSACNetworkAssignment" */ = {
			isa = XCConfigurationList;
			buildConfigurations = (
				DF83D2002B5672D3006A052D /* Debug */,
				DF83D2012B5672D3006A052D /* Release */,
			);
			defaultConfigurationIsVisible = 0;
			defaultConfigurationName = Release;
		};
		DF83D2022B5672D3006A052D /* Build configuration list for PBXNativeTarget "SeSACNetworkAssignment" */ = {
			isa = XCConfigurationList;
			buildConfigurations = (
				DF83D2032B5672D3006A052D /* Debug */,
				DF83D2042B5672D3006A052D /* Release */,
			);
			defaultConfigurationIsVisible = 0;
			defaultConfigurationName = Release;
		};
/* End XCConfigurationList section */

/* Begin XCRemoteSwiftPackageReference section */
		DF83D20B2B5676D7006A052D /* XCRemoteSwiftPackageReference "Alamofire" */ = {
			isa = XCRemoteSwiftPackageReference;
			repositoryURL = "https://github.com/Alamofire/Alamofire.git";
			requirement = {
				kind = upToNextMajorVersion;
				minimumVersion = 5.8.1;
			};
		};
		DF83D20E2B568338006A052D /* XCRemoteSwiftPackageReference "Kingfisher" */ = {
			isa = XCRemoteSwiftPackageReference;
			repositoryURL = "https://github.com/onevcat/Kingfisher.git";
			requirement = {
				kind = upToNextMajorVersion;
				minimumVersion = 7.10.2;
			};
		};
/* End XCRemoteSwiftPackageReference section */

/* Begin XCSwiftPackageProductDependency section */
		DF83D20C2B5676D7006A052D /* Alamofire */ = {
			isa = XCSwiftPackageProductDependency;
			package = DF83D20B2B5676D7006A052D /* XCRemoteSwiftPackageReference "Alamofire" */;
			productName = Alamofire;
		};
		DF83D20F2B568338006A052D /* Kingfisher */ = {
			isa = XCSwiftPackageProductDependency;
			package = DF83D20E2B568338006A052D /* XCRemoteSwiftPackageReference "Kingfisher" */;
			productName = Kingfisher;
		};
/* End XCSwiftPackageProductDependency section */
	};
	rootObject = DF83D1E62B5672D0006A052D /* Project object */;
}
